
Microsoft Visual Studio Solution File, Format Version 12.00
# Visual Studio Version 17
VisualStudioVersion = 17.10.35013.160
MinimumVisualStudioVersion = 10.0.40219.1
Project("{F184B08F-C81C-45F6-A57F-5ABD9991F28F}") = "Exercice17_3", "Exercice17_3\Exercice17_3.vbproj", "{A8A897E7-19F0-4524-998F-702FE735BE14}"
EndProject
Project("{FAE04EC0-301F-11D3-BF4B-00C04F79EFBC}") = "Exercice20_1_2", "Exercice20_1_2\Exercice20_1_2.csproj", "{D46872EF-A773-4C1B-815F-0808375D3D64}"
EndProject
Project("{FAE04EC0-301F-11D3-BF4B-00C04F79EFBC}") = "Exercice20_2", "Exercice20_2\Exercice20_2.csproj", "{34F892E9-7D96-4D0D-9B50-6DFF9D4D5273}"
EndProject
Project("{FAE04EC0-301F-11D3-BF4B-00C04F79EFBC}") = "Examen_1", "Examen_1\Examen_1.csproj", "{BAA47724-7955-46AE-A39F-DBAF434D2BE6}"
EndProject
Project("{FAE04EC0-301F-11D3-BF4B-00C04F79EFBC}") = "Exercice24", "Exercice24\Exercice24.csproj", "{C8D4ED80-D33F-4403-94DB-700C96C5E465}"
EndProject
Project("{FAE04EC0-301F-11D3-BF4B-00C04F79EFBC}") = "Exercice_28", "Exercice_28\Exercice_28.csproj", "{C25D47D1-ABB0-444A-9ADE-CB61C0754547}"
EndProject
Global
	GlobalSection(SolutionConfigurationPlatforms) = preSolution
		Debug|Any CPU = Debug|Any CPU
		Release|Any CPU = Release|Any CPU
	EndGlobalSection
	GlobalSection(ProjectConfigurationPlatforms) = postSolution
		{A8A897E7-19F0-4524-998F-702FE735BE14}.Debug|Any CPU.ActiveCfg = Debug|Any CPU
		{A8A897E7-19F0-4524-998F-702FE735BE14}.Debug|Any CPU.Build.0 = Debug|Any CPU
		{A8A897E7-19F0-4524-998F-702FE735BE14}.Release|Any CPU.ActiveCfg = Release|Any CPU
		{A8A897E7-19F0-4524-998F-702FE735BE14}.Release|Any CPU.Build.0 = Release|Any CPU
		{D46872EF-A773-4C1B-815F-0808375D3D64}.Debug|Any CPU.ActiveCfg = Debug|Any CPU
		{D46872EF-A773-4C1B-815F-0808375D3D64}.Debug|Any CPU.Build.0 = Debug|Any CPU
		{D46872EF-A773-4C1B-815F-0808375D3D64}.Release|Any CPU.ActiveCfg = Release|Any CPU
		{D46872EF-A773-4C1B-815F-0808375D3D64}.Release|Any CPU.Build.0 = Release|Any CPU
		{34F892E9-7D96-4D0D-9B50-6DFF9D4D5273}.Debug|Any CPU.ActiveCfg = Debug|Any CPU
		{34F892E9-7D96-4D0D-9B50-6DFF9D4D5273}.Debug|Any CPU.Build.0 = Debug|Any CPU
		{34F892E9-7D96-4D0D-9B50-6DFF9D4D5273}.Release|Any CPU.ActiveCfg = Release|Any CPU
		{34F892E9-7D96-4D0D-9B50-6DFF9D4D5273}.Release|Any CPU.Build.0 = Release|Any CPU
		{BAA47724-7955-46AE-A39F-DBAF434D2BE6}.Debug|Any CPU.ActiveCfg = Debug|Any CPU
		{BAA47724-7955-46AE-A39F-DBAF434D2BE6}.Debug|Any CPU.Build.0 = Debug|Any CPU
		{BAA47724-7955-46AE-A39F-DBAF434D2BE6}.Release|Any CPU.ActiveCfg = Release|Any CPU
		{BAA47724-7955-46AE-A39F-DBAF434D2BE6}.Release|Any CPU.Build.0 = Release|Any CPU
		{C8D4ED80-D33F-4403-94DB-700C96C5E465}.Debug|Any CPU.ActiveCfg = Debug|Any CPU
		{C8D4ED80-D33F-4403-94DB-700C96C5E465}.Debug|Any CPU.Build.0 = Debug|Any CPU
		{C8D4ED80-D33F-4403-94DB-700C96C5E465}.Release|Any CPU.ActiveCfg = Release|Any CPU
		{C8D4ED80-D33F-4403-94DB-700C96C5E465}.Release|Any CPU.Build.0 = Release|Any CPU
		{C25D47D1-ABB0-444A-9ADE-CB61C0754547}.Debug|Any CPU.ActiveCfg = Debug|Any CPU
		{C25D47D1-ABB0-444A-9ADE-CB61C0754547}.Debug|Any CPU.Build.0 = Debug|Any CPU
		{C25D47D1-ABB0-444A-9ADE-CB61C0754547}.Release|Any CPU.ActiveCfg = Release|Any CPU
		{C25D47D1-ABB0-444A-9ADE-CB61C0754547}.Release|Any CPU.Build.0 = Release|Any CPU
	EndGlobalSection
	GlobalSection(SolutionProperties) = preSolution
		HideSolutionNode = FALSE
	EndGlobalSection
	GlobalSection(ExtensibilityGlobals) = postSolution
		SolutionGuid = {9F57709A-3BEB-4F2A-895C-1E96F859C2B4}
	EndGlobalSection
EndGlobal
