
Microsoft Visual Studio Solution File, Format Version 12.00
# Visual Studio Version 17
VisualStudioVersion = 17.10.35013.160
MinimumVisualStudioVersion = 10.0.40219.1
Project("{F184B08F-C81C-45F6-A57F-5ABD9991F28F}") = "Exercice17_3", "Exercice17_3.vbproj", "{A8A897E7-19F0-4524-998F-702FE735BE14}"
EndProject
Project("{FAE04EC0-301F-11D3-BF4B-00C04F79EFBC}") = "Exercice20_1_2", "..\Exercice20_1_2\Exercice20_1_2.csproj", "{D46872EF-A773-4C1B-815F-0808375D3D64}"
EndProject
Global
	GlobalSection(SolutionConfigurationPlatforms) = preSolution
		Debug|Any CPU = Debug|Any CPU
		Release|Any CPU = Release|Any CPU
	EndGlobalSection
	GlobalSection(ProjectConfigurationPlatforms) = postSolution
		{A8A897E7-19F0-4524-998F-702FE735BE14}.Debug|Any CPU.ActiveCfg = Debug|Any CPU
		{A8A897E7-19F0-4524-998F-702FE735BE14}.Debug|Any CPU.Build.0 = Debug|Any CPU
		{A8A897E7-19F0-4524-998F-702FE735BE14}.Release|Any CPU.ActiveCfg = Release|Any CPU
		{A8A897E7-19F0-4524-998F-702FE735BE14}.Release|Any CPU.Build.0 = Release|Any CPU
		{D46872EF-A773-4C1B-815F-0808375D3D64}.Debug|Any CPU.ActiveCfg = Debug|Any CPU
		{D46872EF-A773-4C1B-815F-0808375D3D64}.Debug|Any CPU.Build.0 = Debug|Any CPU
		{D46872EF-A773-4C1B-815F-0808375D3D64}.Release|Any CPU.ActiveCfg = Release|Any CPU
		{D46872EF-A773-4C1B-815F-0808375D3D64}.Release|Any CPU.Build.0 = Release|Any CPU
	EndGlobalSection
	GlobalSection(SolutionProperties) = preSolution
		HideSolutionNode = FALSE
	EndGlobalSection
	GlobalSection(ExtensibilityGlobals) = postSolution
		SolutionGuid = {9F57709A-3BEB-4F2A-895C-1E96F859C2B4}
	EndGlobalSection
EndGlobal
